
{
  "name": "cgpt",
  "version": "0.1.0",
  "lockfileVersion": 2,
  "requires": true,
  "packages": {
    "": {
      "name": "cgpt",
      "version": "0.1.0",
      "dependencies": {
        "@next/font": "13.1.6",
        "@types/node": "18.11.18",
        "@types/react": "18.0.27",
        "@types/react-dom": "18.0.10",
        "eslint": "8.33.0",
        "eslint-config-next": "13.1.6",
        "gpt-3-encoder": "^1.1.4",
        "mongodb": "^5.0.0",
        "next": "13.1.6",
        "openai": "^3.1.0",
        "react": "18.2.0",
        "react-dom": "18.2.0",
        "react-feather": "^2.0.10",
        "react-markdown": "^8.0.5",
        "remark-gfm": "^3.0.1",
        "typescript": "4.9.5"
      },
      "devDependencies": {
        "autoprefixer": "^10.4.13",
        "postcss": "^8.4.21",
        "tailwindcss": "^3.2.4"
      }
    },
    "node_modules/@babel/runtime": {
      "version": "7.20.13",
      "resolved": "https://registry.npmjs.org/@babel/runtime/-/runtime-7.20.13.tgz",
      "integrity": "sha512-gt3PKXs0DBoL9xCvOIIZ2NEqAGZqHjAnmVbfQtB620V0uReIQutpel14KcneZuer7UioY8ALKZ7iocavvzTNFA==",
      "dependencies": {
        "regenerator-runtime": "^0.13.11"
      },
      "engines": {
        "node": ">=6.9.0"
      }
    },
    "node_modules/@eslint/eslintrc": {
      "version": "1.4.1",
      "resolved": "https://registry.npmjs.org/@eslint/eslintrc/-/eslintrc-1.4.1.tgz",
      "integrity": "sha512-XXrH9Uarn0stsyldqDYq8r++mROmWRI1xKMXa640Bb//SY1+ECYX6VzT6Lcx5frD0V30XieqJ0oX9I2Xj5aoMA==",
      "dependencies": {
        "ajv": "^6.12.4",
        "debug": "^4.3.2",
        "espree": "^9.4.0",
        "globals": "^13.19.0",
        "ignore": "^5.2.0",
        "import-fresh": "^3.2.1",
        "js-yaml": "^4.1.0",
        "minimatch": "^3.1.2",
        "strip-json-comments": "^3.1.1"
      },
      "engines": {
        "node": "^12.22.0 || ^14.17.0 || >=16.0.0"
      },
      "funding": {
        "url": "https://opencollective.com/eslint"